{
  "nodes": {
    "nixpkgs": {
      "locked": {
        "lastModified": 1777954456,
        "narHash": "sha256-hGdgeU2Nk87RAuZyYjyDjFL6LK7dAZN5RE9+hrDTkDU=",
        "owner": "NixOS",
        "repo": "nixpkgs",
        "rev": "549bd84d6279f9852cae6225e372cc67fb91a4c1",
        "type": "github"
      },
      "original": {
        "owner": "NixOS",
        "ref": "nixos-unstable",
        "repo": "nixpkgs",
        "type": "github"
      }
    },
    "pyautogui-src": {
      "flake": false,
      "locked": {
        "lastModified": 1771725705,
        "narHash": "sha256-hNwT5Kj0+GfqmMrorqAm7XqODSWMH4FBBuWfPIPKeqs=",
        "owner": "KavyanshKhaitan2",
        "repo": "pyautogui",
        "rev": "431ea6aa62aad5734c9e6bca1edde60b38e736e8",
        "type": "github"
      },
      "original": {
        "owner": "KavyanshKhaitan2",
        "repo": "pyautogui",
        "rev": "431ea6aa62aad5734c9e6bca1edde60b38e736e8",
        "type": "github"
      }
    },
    "pydotool-src": {
      "flake": false,
      "locked": {
        "lastModified": 1773163549,
        "narHash": "sha256-hhfrnAOpTH0C6tKUvYJD8gLFuml3p9rjwsxMHmIw1p8=",
        "owner": "Antares0982",
        "repo": "pydotool",
        "rev": "ef0fee05b5e6c0d54fa61bfcbd6d4cf9894a2d22",
        "type": "github"
      },
      "original": {
        "owner": "Antares0982",
        "repo": "pydotool",
        "type": "github"
      }
    },
    "pyscreeze-src": {
      "flake": false,
      "locked": {
        "lastModified": 1724194365,
        "narHash": "sha256-MtMwWEbY/h/SShOVvgrV0UK72mB6cbqRYPwY1P3YZgc=",
        "owner": "asweigart",
        "repo": "pyscreeze",
        "rev": "93f277541af4758f5cd1b02a4e58120fc2e6a394",
        "type": "github"
      },
      "original": {
        "owner": "asweigart",
        "repo": "pyscreeze",
        "type": "github"
      }
    },
    "root": {
      "inputs": {
        "nixpkgs": "nixpkgs",
        "pyautogui-src": "pyautogui-src",
        "pydotool-src": "pydotool-src",
        "pyscreeze-src": "pyscreeze-src",
        "wayland-automation-src": "wayland-automation-src"
      }
    },
    "wayland-automation-src": {
      "flake": false,
      "locked": {
        "lastModified": 1771661755,
        "narHash": "sha256-XyDqEHJyfA88Nm4inc2oQw8o26jGT2XWWvTpBJ+pmoc=",
        "owner": "OTAKUWeBer",
        "repo": "Wayland-automation",
        "rev": "d8e7d33b71992e21c7612ed228a45edd2ded4a8f",
        "type": "github"
      },
      "original": {
        "owner": "OTAKUWeBer",
        "repo": "Wayland-automation",
        "type": "github"
      }
    }
  },
  "root": "root",
  "version": 7
}
